
Microsoft Visual Studio Solution File, Format Version 12.00
Project("{FAE04EC0-301F-11D3-BF4B-00C04F79EFBC}") = "ConsoleApplication1", "ConsoleApplication1\ConsoleApplication1.csproj", "{B28FCB22-D1C8-43CC-ACE6-A038FC337DFA}"
EndProject
Global
	GlobalSection(SolutionConfigurationPlatforms) = preSolution
		Debug|Any CPU = Debug|Any CPU
		Release|Any CPU = Release|Any CPU
	EndGlobalSection
	GlobalSection(ProjectConfigurationPlatforms) = postSolution
		{B28FCB22-D1C8-43CC-ACE6-A038FC337DFA}.Debug|Any CPU.ActiveCfg = Debug|Any CPU
		{B28FCB22-D1C8-43CC-ACE6-A038FC337DFA}.Debug|Any CPU.Build.0 = Debug|Any CPU
		{B28FCB22-D1C8-43CC-ACE6-A038FC337DFA}.Release|Any CPU.ActiveCfg = Release|Any CPU
		{B28FCB22-D1C8-43CC-ACE6-A038FC337DFA}.Release|Any CPU.Build.0 = Release|Any CPU
	EndGlobalSection
EndGlobal
